
Microsoft Visual Studio Solution File, Format Version 12.00
# Visual Studio Version 17
VisualStudioVersion = 17.5.33424.131
MinimumVisualStudioVersion = 10.0.40219.1
Project("{FAE04EC0-301F-11D3-BF4B-00C04F79EFBC}") = "WEB_WPI_Ex", "WEB_WPI_Ex\WEB_WPI_Ex.csproj", "{03EC4F64-0666-4E8D-BA1F-088C0CEEF9F5}"
EndProject
Global
	GlobalSection(SolutionConfigurationPlatforms) = preSolution
		Debug|Any CPU = Debug|Any CPU
		Release|Any CPU = Release|Any CPU
	EndGlobalSection
	GlobalSection(ProjectConfigurationPlatforms) = postSolution
		{03EC4F64-0666-4E8D-BA1F-088C0CEEF9F5}.Debug|Any CPU.ActiveCfg = Debug|Any CPU
		{03EC4F64-0666-4E8D-BA1F-088C0CEEF9F5}.Debug|Any CPU.Build.0 = Debug|Any CPU
		{03EC4F64-0666-4E8D-BA1F-088C0CEEF9F5}.Release|Any CPU.ActiveCfg = Release|Any CPU
		{03EC4F64-0666-4E8D-BA1F-088C0CEEF9F5}.Release|Any CPU.Build.0 = Release|Any CPU
	EndGlobalSection
	GlobalSection(SolutionProperties) = preSolution
		HideSolutionNode = FALSE
	EndGlobalSection
	GlobalSection(ExtensibilityGlobals) = postSolution
		SolutionGuid = {941F363E-60F9-40D9-9E6F-DFF67A8D32F4}
	EndGlobalSection
EndGlobal
